// !$*UTF8*$!
{
	archiveVersion = 1;
	classes = {
	};
	objectVersion = 50;
	objects = {

/* Begin PBXBuildFile section */
		A724F1A625E8D64A00C179E9 /* DatePickerViewController.swift in Sources */ = {isa = PBXBuildFile; fileRef = A724F1A425E8D64A00C179E9 /* DatePickerViewController.swift */; };
		A724F1A725E8D64A00C179E9 /* SliderViewController.swift in Sources */ = {isa = PBXBuildFile; fileRef = A724F1A525E8D64A00C179E9 /* SliderViewController.swift */; };
		A724F1AD25E8D65600C179E9 /* DatePicker.storyboard in Resources */ = {isa = PBXBuildFile; fileRef = A724F1A925E8D65600C179E9 /* DatePicker.storyboard */; };
		A724F1AE25E8D65600C179E9 /* Slider.storyboard in Resources */ = {isa = PBXBuildFile; fileRef = A724F1AB25E8D65600C179E9 /* Slider.storyboard */; };
		A724F1B225E8E7FB00C179E9 /* Main.storyboard in Resources */ = {isa = PBXBuildFile; fileRef = A724F1B125E8E7FB00C179E9 /* Main.storyboard */; };
		A7438F5525E7972600875C59 /* AppDelegate.swift in Sources */ = {isa = PBXBuildFile; fileRef = A7438F5425E7972600875C59 /* AppDelegate.swift */; };
		A7438F5725E7972600875C59 /* ViewController.swift in Sources */ = {isa = PBXBuildFile; fileRef = A7438F5625E7972600875C59 /* ViewController.swift */; };
		A7438F5925E7972700875C59 /* Assets.xcassets in Resources */ = {isa = PBXBuildFile; fileRef = A7438F5825E7972700875C59 /* Assets.xcassets */; };
		A7438F5C25E7972700875C59 /* SayHello.storyboard in Resources */ = {isa = PBXBuildFile; fileRef = A7438F5A25E7972700875C59 /* SayHello.storyboard */; };
/* End PBXBuildFile section */

/* Begin PBXFileReference section */
		A724F1A425E8D64A00C179E9 /* DatePickerViewController.swift */ = {isa = PBXFileReference; fileEncoding = 4; lastKnownFileType = sourcecode.swift; path = DatePickerViewController.swift; sourceTree = "<group>"; };
		A724F1A525E8D64A00C179E9 /* SliderViewController.swift */ = {isa = PBXFileReference; fileEncoding = 4; lastKnownFileType = sourcecode.swift; path = SliderViewController.swift; sourceTree = "<group>"; };
		A724F1AA25E8D65600C179E9 /* Base */ = {isa = PBXFileReference; lastKnownFileType = file.storyboard; name = Base; path = Base.lproj/DatePicker.storyboard; sourceTree = "<group>"; };
		A724F1AC25E8D65600C179E9 /* Base */ = {isa = PBXFileReference; lastKnownFileType = file.storyboard; name = Base; path = Base.lproj/Slider.storyboard; sourceTree = "<group>"; };
		A724F1B125E8E7FB00C179E9 /* Main.storyboard */ = {isa = PBXFileReference; lastKnownFileType = file.storyboard; path = Main.storyboard; sourceTree = "<group>"; };
		A7438F5125E7972600875C59 /* AppleProgramming.app */ = {isa = PBXFileReference; explicitFileType = wrapper.application; includeInIndex = 0; path = AppleProgramming.app; sourceTree = BUILT_PRODUCTS_DIR; };
		A7438F5425E7972600875C59 /* AppDelegate.swift */ = {isa = PBXFileReference; lastKnownFileType = sourcecode.swift; path = AppDelegate.swift; sourceTree = "<group>"; };
		A7438F5625E7972600875C59 /* ViewController.swift */ = {isa = PBXFileReference; lastKnownFileType = sourcecode.swift; path = ViewController.swift; sourceTree = "<group>"; };
		A7438F5825E7972700875C59 /* Assets.xcassets */ = {isa = PBXFileReference; lastKnownFileType = folder.assetcatalog; path = Assets.xcassets; sourceTree = "<group>"; };
		A7438F5B25E7972700875C59 /* Base */ = {isa = PBXFileReference; lastKnownFileType = file.storyboard; name = Base; path = Base.lproj/SayHello.storyboard; sourceTree = "<group>"; };
		A7438F5D25E7972700875C59 /* Info.plist */ = {isa = PBXFileReference; lastKnownFileType = text.plist.xml; path = Info.plist; sourceTree = "<group>"; };
		A7438F5E25E7972700875C59 /* AppleProgramming.entitlements */ = {isa = PBXFileReference; lastKnownFileType = text.plist.entitlements; path = AppleProgramming.entitlements; sourceTree = "<group>"; };
/* End PBXFileReference section */

/* Begin PBXFrameworksBuildPhase section */
		A7438F4E25E7972600875C59 /* Frameworks */ = {
			isa = PBXFrameworksBuildPhase;
			buildActionMask = 2147483647;
			files = (
			);
			runOnlyForDeploymentPostprocessing = 0;
		};
/* End PBXFrameworksBuildPhase section */

/* Begin PBXGroup section */
		A7438F4825E7972600875C59 = {
			isa = PBXGroup;
			children = (
				A7438F5325E7972600875C59 /* AppleProgramming */,
				A7438F5225E7972600875C59 /* Products */,
			);
			sourceTree = "<group>";
		};
		A7438F5225E7972600875C59 /* Products */ = {
			isa = PBXGroup;
			children = (
				A7438F5125E7972600875C59 /* AppleProgramming.app */,
			);
			name = Products;
			sourceTree = "<group>";
		};
		A7438F5325E7972600875C59 /* AppleProgramming */ = {
			isa = PBXGroup;
			children = (
				A7438F5425E7972600875C59 /* AppDelegate.swift */,
				A7438F5625E7972600875C59 /* ViewController.swift */,
				A7438F5825E7972700875C59 /* Assets.xcassets */,
				A724F1B125E8E7FB00C179E9 /* Main.storyboard */,
				A7438F5A25E7972700875C59 /* SayHello.storyboard */,
				A724F1A425E8D64A00C179E9 /* DatePickerViewController.swift */,
				A724F1A525E8D64A00C179E9 /* SliderViewController.swift */,
				A724F1A925E8D65600C179E9 /* DatePicker.storyboard */,
				A724F1AB25E8D65600C179E9 /* Slider.storyboard */,
				A7438F5D25E7972700875C59 /* Info.plist */,
				A7438F5E25E7972700875C59 /* AppleProgramming.entitlements */,
			);
			path = AppleProgramming;
			sourceTree = "<group>";
		};
/* End PBXGroup section */

/* Begin PBXNativeTarget section */
		A7438F5025E7972600875C59 /* AppleProgramming */ = {
			isa = PBXNativeTarget;
			buildConfigurationList = A7438F6125E7972700875C59 /* Build configuration list for PBXNativeTarget "AppleProgramming" */;
			buildPhases = (
				A7438F4D25E7972600875C59 /* Sources */,
				A7438F4E25E7972600875C59 /* Frameworks */,
				A7438F4F25E7972600875C59 /* Resources */,
			);
			buildRules = (
			);
			dependencies = (
			);
			name = AppleProgramming;
			productName = AppleProgramming;
			productReference = A7438F5125E7972600875C59 /* AppleProgramming.app */;
			productType = "com.apple.product-type.application";
		};
/* End PBXNativeTarget section */

/* Begin PBXProject section */
		A7438F4925E7972600875C59 /* Project object */ = {
			isa = PBXProject;
			attributes = {
				LastSwiftUpdateCheck = 1220;
				LastUpgradeCheck = 1220;
				TargetAttributes = {
					A7438F5025E7972600875C59 = {
						CreatedOnToolsVersion = 12.2;
					};
				};
			};
			buildConfigurationList = A7438F4C25E7972600875C59 /* Build configuration list for PBXProject "AppleProgramming" */;
			compatibilityVersion = "Xcode 9.3";
			developmentRegion = en;
			hasScannedForEncodings = 0;
			knownRegions = (
				en,
				Base,
			);
			mainGroup = A7438F4825E7972600875C59;
			productRefGroup = A7438F5225E7972600875C59 /* Products */;
			projectDirPath = "";
			projectRoot = "";
			targets = (
				A7438F5025E7972600875C59 /* AppleProgramming */,
			);
		};
/* End PBXProject section */

/* Begin PBXResourcesBuildPhase section */
		A7438F4F25E7972600875C59 /* Resources */ = {
			isa = PBXResourcesBuildPhase;
			buildActionMask = 2147483647;
			files = (
				A724F1AD25E8D65600C179E9 /* DatePicker.storyboard in Resources */,
				A724F1B225E8E7FB00C179E9 /* Main.storyboard in Resources */,
				A7438F5925E7972700875C59 /* Assets.xcassets in Resources */,
				A7438F5C25E7972700875C59 /* SayHello.storyboard in Resources */,
				A724F1AE25E8D65600C179E9 /* Slider.storyboard in Resources */,
			);
			runOnlyForDeploymentPostprocessing = 0;
		};
/* End PBXResourcesBuildPhase section */

/* Begin PBXSourcesBuildPhase section */
		A7438F4D25E7972600875C59 /* Sources */ = {
			isa = PBXSourcesBuildPhase;
			buildActionMask = 2147483647;
			files = (
				A7438F5725E7972600875C59 /* ViewController.swift in Sources */,
				A7438F5525E7972600875C59 /* AppDelegate.swift in Sources */,
				A724F1A625E8D64A00C179E9 /* DatePickerViewController.swift in Sources */,
				A724F1A725E8D64A00C179E9 /* SliderViewController.swift in Sources */,
			);
			runOnlyForDeploymentPostprocessing = 0;
		};
/* End PBXSourcesBuildPhase section */

/* Begin PBXVariantGroup section */
		A724F1A925E8D65600C179E9 /* DatePicker.storyboard */ = {
			isa = PBXVariantGroup;
			children = (
				A724F1AA25E8D65600C179E9 /* Base */,
			);
			name = DatePicker.storyboard;
			sourceTree = "<group>";
		};
		A724F1AB25E8D65600C179E9 /* Slider.storyboard */ = {
			isa = PBXVariantGroup;
			children = (
				A724F1AC25E8D65600C179E9 /* Base */,
			);
			name = Slider.storyboard;
			sourceTree = "<group>";
		};
		A7438F5A25E7972700875C59 /* SayHello.storyboard */ = {
			isa = PBXVariantGroup;
			children = (
				A7438F5B25E7972700875C59 /* Base */,
			);
			name = SayHello.storyboard;
			sourceTree = "<group>";
		};
/* End PBXVariantGroup section */

/* Begin XCBuildConfiguration section */
		A7438F5F25E7972700875C59 /* Debug */ = {
			isa = XCBuildConfiguration;
			buildSettings = {
				ALWAYS_SEARCH_USER_PATHS = NO;
				CLANG_ANALYZER_NONNULL = YES;
				CLANG_ANALYZER_NUMBER_OBJECT_CONVERSION = YES_AGGRESSIVE;
				CLANG_CXX_LANGUAGE_STANDARD = "gnu++14";
				CLANG_CXX_LIBRARY = "libc++";
				CLANG_ENABLE_MODULES = YES;
				CLANG_ENABLE_OBJC_ARC = YES;
				CLANG_ENABLE_OBJC_WEAK = YES;
				CLANG_WARN_BLOCK_CAPTURE_AUTORELEASING = YES;
				CLANG_WARN_BOOL_CONVERSION = YES;
				CLANG_WARN_COMMA = YES;
				CLANG_WARN_CONSTANT_CONVERSION = YES;
				CLANG_WARN_DEPRECATED_OBJC_IMPLEMENTATIONS = YES;
				CLANG_WARN_DIRECT_OBJC_ISA_USAGE = YES_ERROR;
				CLANG_WARN_DOCUMENTATION_COMMENTS = YES;
				CLANG_WARN_EMPTY_BODY = YES;
				CLANG_WARN_ENUM_CONVERSION = YES;
				CLANG_WARN_INFINITE_RECURSION = YES;
				CLANG_WARN_INT_CONVERSION = YES;
				CLANG_WARN_NON_LITERAL_NULL_CONVERSION = YES;
				CLANG_WARN_OBJC_IMPLICIT_RETAIN_SELF = YES;
				CLANG_WARN_OBJC_LITERAL_CONVERSION = YES;
				CLANG_WARN_OBJC_ROOT_CLASS = YES_ERROR;
				CLANG_WARN_QUOTED_INCLUDE_IN_FRAMEWORK_HEADER = YES;
				CLANG_WARN_RANGE_LOOP_ANALYSIS = YES;
				CLANG_WARN_STRICT_PROTOTYPES = YES;
				CLANG_WARN_SUSPICIOUS_MOVE = YES;
				CLANG_WARN_UNGUARDED_AVAILABILITY = YES_AGGRESSIVE;
				CLANG_WARN_UNREACHABLE_CODE = YES;
				CLANG_WARN__DUPLICATE_METHOD_MATCH = YES;
				COPY_PHASE_STRIP = NO;
				DEBUG_INFORMATION_FORMAT = dwarf;
				ENABLE_STRICT_OBJC_MSGSEND = YES;
				ENABLE_TESTABILITY = YES;
				GCC_C_LANGUAGE_STANDARD = gnu11;
				GCC_DYNAMIC_NO_PIC = NO;
				GCC_NO_COMMON_BLOCKS = YES;
				GCC_OPTIMIZATION_LEVEL = 0;
				GCC_PREPROCESSOR_DEFINITIONS = (
					"DEBUG=1",
					"$(inherited)",
				);
				GCC_WARN_64_TO_32_BIT_CONVERSION = YES;
				GCC_WARN_ABOUT_RETURN_TYPE = YES_ERROR;
				GCC_WARN_UNDECLARED_SELECTOR = YES;
				GCC_WARN_UNINITIALIZED_AUTOS = YES_AGGRESSIVE;
				GCC_WARN_UNUSED_FUNCTION = YES;
				GCC_WARN_UNUSED_VARIABLE = YES;
				MACOSX_DEPLOYMENT_TARGET = 10.15;
				MTL_ENABLE_DEBUG_INFO = INCLUDE_SOURCE;
				MTL_FAST_MATH = YES;
				ONLY_ACTIVE_ARCH = YES;
				SDKROOT = macosx;
				SWIFT_ACTIVE_COMPILATION_CONDITIONS = DEBUG;
				SWIFT_OPTIMIZATION_LEVEL = "-Onone";
			};
			name = Debug;
		};
		A7438F6025E7972700875C59 /* Release */ = {
			isa = XCBuildConfiguration;
			buildSettings = {
				ALWAYS_SEARCH_USER_PATHS = NO;
				CLANG_ANALYZER_NONNULL = YES;
				CLANG_ANALYZER_NUMBER_OBJECT_CONVERSION = YES_AGGRESSIVE;
				CLANG_CXX_LANGUAGE_STANDARD = "gnu++14";
				CLANG_CXX_LIBRARY = "libc++";
				CLANG_ENABLE_MODULES = YES;
				CLANG_ENABLE_OBJC_ARC = YES;
				CLANG_ENABLE_OBJC_WEAK = YES;
				CLANG_WARN_BLOCK_CAPTURE_AUTORELEASING = YES;
				CLANG_WARN_BOOL_CONVERSION = YES;
				CLANG_WARN_COMMA = YES;
				CLANG_WARN_CONSTANT_CONVERSION = YES;
				CLANG_WARN_DEPRECATED_OBJC_IMPLEMENTATIONS = YES;
				CLANG_WARN_DIRECT_OBJC_ISA_USAGE = YES_ERROR;
				CLANG_WARN_DOCUMENTATION_COMMENTS = YES;
				CLANG_WARN_EMPTY_BODY = YES;
				CLANG_WARN_ENUM_CONVERSION = YES;
				CLANG_WARN_INFINITE_RECURSION = YES;
				CLANG_WARN_INT_CONVERSION = YES;
				CLANG_WARN_NON_LITERAL_NULL_CONVERSION = YES;
				CLANG_WARN_OBJC_IMPLICIT_RETAIN_SELF = YES;
				CLANG_WARN_OBJC_LITERAL_CONVERSION = YES;
				CLANG_WARN_OBJC_ROOT_CLASS = YES_ERROR;
				CLANG_WARN_QUOTED_INCLUDE_IN_FRAMEWORK_HEADER = YES;
				CLANG_WARN_RANGE_LOOP_ANALYSIS = YES;
				CLANG_WARN_STRICT_PROTOTYPES = YES;
				CLANG_WARN_SUSPICIOUS_MOVE = YES;
				CLANG_WARN_UNGUARDED_AVAILABILITY = YES_AGGRESSIVE;
				CLANG_WARN_UNREACHABLE_CODE = YES;
				CLANG_WARN__DUPLICATE_METHOD_MATCH = YES;
				COPY_PHASE_STRIP = NO;
				DEBUG_INFORMATION_FORMAT = "dwarf-with-dsym";
				ENABLE_NS_ASSERTIONS = NO;
				ENABLE_STRICT_OBJC_MSGSEND = YES;
				GCC_C_LANGUAGE_STANDARD = gnu11;
				GCC_NO_COMMON_BLOCKS = YES;
				GCC_WARN_64_TO_32_BIT_CONVERSION = YES;
				GCC_WARN_ABOUT_RETURN_TYPE = YES_ERROR;
				GCC_WARN_UNDECLARED_SELECTOR = YES;
				GCC_WARN_UNINITIALIZED_AUTOS = YES_AGGRESSIVE;
				GCC_WARN_UNUSED_FUNCTION = YES;
				GCC_WARN_UNUSED_VARIABLE = YES;
				MACOSX_DEPLOYMENT_TARGET = 10.15;
				MTL_ENABLE_DEBUG_INFO = NO;
				MTL_FAST_MATH = YES;
				SDKROOT = macosx;
				SWIFT_COMPILATION_MODE = wholemodule;
				SWIFT_OPTIMIZATION_LEVEL = "-O";
			};
			name = Release;
		};
		A7438F6225E7972700875C59 /* Debug */ = {
			isa = XCBuildConfiguration;
			buildSettings = {
				ASSETCATALOG_COMPILER_APPICON_NAME = AppIcon;
				ASSETCATALOG_COMPILER_GLOBAL_ACCENT_COLOR_NAME = AccentColor;
				CODE_SIGN_ENTITLEMENTS = AppleProgramming/AppleProgramming.entitlements;
				CODE_SIGN_STYLE = Automatic;
				COMBINE_HIDPI_IMAGES = YES;
				DEVELOPMENT_TEAM = 3AMPL46LPV;
				ENABLE_HARDENED_RUNTIME = YES;
				INFOPLIST_FILE = AppleProgramming/Info.plist;
				LD_RUNPATH_SEARCH_PATHS = (
					"$(inherited)",
					"@executable_path/../Frameworks",
				);
				PRODUCT_BUNDLE_IDENTIFIER = com.ytyubox.AppleProgramming;
				PRODUCT_NAME = "$(TARGET_NAME)";
				SWIFT_VERSION = 5.0;
			};
			name = Debug;
		};
		A7438F6325E7972700875C59 /* Release */ = {
			isa = XCBuildConfiguration;
			buildSettings = {
				ASSETCATALOG_COMPILER_APPICON_NAME = AppIcon;
				ASSETCATALOG_COMPILER_GLOBAL_ACCENT_COLOR_NAME = AccentColor;
				CODE_SIGN_ENTITLEMENTS = AppleProgramming/AppleProgramming.entitlements;
				CODE_SIGN_STYLE = Automatic;
				COMBINE_HIDPI_IMAGES = YES;
				DEVELOPMENT_TEAM = 3AMPL46LPV;
				ENABLE_HARDENED_RUNTIME = YES;
				INFOPLIST_FILE = AppleProgramming/Info.plist;
				LD_RUNPATH_SEARCH_PATHS = (
					"$(inherited)",
					"@executable_path/../Frameworks",
				);
				PRODUCT_BUNDLE_IDENTIFIER = com.ytyubox.AppleProgramming;
				PRODUCT_NAME = "$(TARGET_NAME)";
				SWIFT_VERSION = 5.0;
			};
			name = Release;
		};
/* End XCBuildConfiguration section */

/* Begin XCConfigurationList section */
		A7438F4C25E7972600875C59 /* Build configuration list for PBXProject "AppleProgramming" */ = {
			isa = XCConfigurationList;
			buildConfigurations = (
				A7438F5F25E7972700875C59 /* Debug */,
				A7438F6025E7972700875C59 /* Release */,
			);
			defaultConfigurationIsVisible = 0;
			defaultConfigurationName = Release;
		};
		A7438F6125E7972700875C59 /* Build configuration list for PBXNativeTarget "AppleProgramming" */ = {
			isa = XCConfigurationList;
			buildConfigurations = (
				A7438F6225E7972700875C59 /* Debug */,
				A7438F6325E7972700875C59 /* Release */,
			);
			defaultConfigurationIsVisible = 0;
			defaultConfigurationName = Release;
		};
/* End XCConfigurationList section */
	};
	rootObject = A7438F4925E7972600875C59 /* Project object */;
}
